{
  "name": "hexo-tag-map",
  "version": "1.0.5",
  "lockfileVersion": 1,
  "requires": true,
  "dependencies": {
    "leaflet.chinatmsproviders": {
      "version": "3.0.4",
      "resolved": "https://registry.npmjs.org/leaflet.chinatmsproviders/-/leaflet.chinatmsproviders-3.0.4.tgz",
      "integrity": "sha512-BNZUQ5scsK494bhImmG5ICMfOV3zvl3LLV+CvQP7BdmwdRU0i2oRtRYRbo2vRkuX0d6wzFVZL7reR5qo2+3l6Q=="
    }
  }
}
